{
  "name": "proFlow",
  "lockfileVersion": 3,
  "requires": true,
  "packages": {
    "": {
      "dependencies": {
        "riot": "^9.4.1"
      }
    },
    "node_modules/@riotjs/dom-bindings": {
      "version": "9.2.0",
      "resolved": "https://registry.npmjs.org/@riotjs/dom-bindings/-/dom-bindings-9.2.0.tgz",
      "integrity": "sha512-MibDB+tlQBcWZ44xlbzMGPL9h4wCsm2E2wDuTQQCaFshCbgte85k1Q2sGRxNtfAaRdAJfCwlmUVASaOmvKVWxQ==",
      "license": "MIT",
      "dependencies": {
        "@riotjs/util": "^2.4.0"
      }
    },
    "node_modules/@riotjs/util": {
      "version": "2.4.0",
      "resolved": "https://registry.npmjs.org/@riotjs/util/-/util-2.4.0.tgz",
      "integrity": "sha512-zhuJobO+FsmA6hKS9qPIjQ2SLI+kY29JtAztNtbI8EsE0vyF9YQLRNPRt2wi3uozxgC1YFe/9o0Olzo3HQ6XYw==",
      "license": "MIT"
    },
    "node_modules/riot": {
      "version": "9.4.1",
      "resolved": "https://registry.npmjs.org/riot/-/riot-9.4.1.tgz",
      "integrity": "sha512-vMrbrAlWEsRFCYpQm506KNUwwxPZere3FQyVHFKsQjaWv3rgsmGoVPMRZM+tx/FlshVUZa3IsgnilQn4eUiC0w==",
      "license": "MIT",
      "dependencies": {
        "@riotjs/dom-bindings": "^9.2.0"
      },
      "engines": {
        "node": ">=18.0.0"
      }
    }
  }
}
